
Microsoft Visual Studio Solution File, Format Version 12.00
Project("{FAE04EC0-301F-11D3-BF4B-00C04F79EFBC}") = "UpdatePasswordService", "UpdatePasswordService\UpdatePasswordService.csproj", "{712E91F3-2ADC-4DFD-B905-D28FE368964B}"
EndProject
Global
	GlobalSection(SolutionConfigurationPlatforms) = preSolution
		Debug|Any CPU = Debug|Any CPU
		Release|Any CPU = Release|Any CPU
	EndGlobalSection
	GlobalSection(ProjectConfigurationPlatforms) = postSolution
		{712E91F3-2ADC-4DFD-B905-D28FE368964B}.Debug|Any CPU.ActiveCfg = Debug|Any CPU
		{712E91F3-2ADC-4DFD-B905-D28FE368964B}.Debug|Any CPU.Build.0 = Debug|Any CPU
		{712E91F3-2ADC-4DFD-B905-D28FE368964B}.Release|Any CPU.ActiveCfg = Release|Any CPU
		{712E91F3-2ADC-4DFD-B905-D28FE368964B}.Release|Any CPU.Build.0 = Release|Any CPU
	EndGlobalSection
EndGlobal
