
Microsoft Visual Studio Solution File, Format Version 12.00
Project("{2150E333-8FDC-42A3-9474-1A3956D46DE8}") = "Domain", "Domain", "{38F01EE6-BB5B-4CAE-A906-4C5712D85B9C}"
EndProject
Project("{2150E333-8FDC-42A3-9474-1A3956D46DE8}") = "Infrastructure", "Infrastructure", "{0CA3CBB4-D51C-41B4-9D53-F55FBA771BF5}"
EndProject
Project("{FAE04EC0-301F-11D3-BF4B-00C04F79EFBC}") = "WebLevel", "WebLevel\WebLevel.csproj", "{63DD102A-21AE-4328-9D2A-22E59CB788AD}"
EndProject
Project("{2150E333-8FDC-42A3-9474-1A3956D46DE8}") = "WebLevel", "WebLevel", "{3C002084-1DA7-4D31-9423-D7CF149F0348}"
EndProject
Project("{FAE04EC0-301F-11D3-BF4B-00C04F79EFBC}") = "DTO", "DTO\DTO.csproj", "{E8A32420-CB0F-446F-BBCA-88941A2E100F}"
EndProject
Project("{FAE04EC0-301F-11D3-BF4B-00C04F79EFBC}") = "Inteerfaces", "Inteerfaces\Inteerfaces.csproj", "{9E3D12A3-57FA-4297-8677-1BA13092D7E0}"
EndProject
Project("{FAE04EC0-301F-11D3-BF4B-00C04F79EFBC}") = "Bussines.UpdatePsw", "Bussines.UpdatePsw\Bussines.UpdatePsw.csproj", "{2FAF48D9-780F-4B33-A2F1-CA52F4099FA2}"
EndProject
Global
	GlobalSection(SolutionConfigurationPlatforms) = preSolution
		Debug|Any CPU = Debug|Any CPU
		Release|Any CPU = Release|Any CPU
	EndGlobalSection
	GlobalSection(ProjectConfigurationPlatforms) = postSolution
		{63DD102A-21AE-4328-9D2A-22E59CB788AD}.Debug|Any CPU.ActiveCfg = Debug|Any CPU
		{63DD102A-21AE-4328-9D2A-22E59CB788AD}.Debug|Any CPU.Build.0 = Debug|Any CPU
		{63DD102A-21AE-4328-9D2A-22E59CB788AD}.Release|Any CPU.ActiveCfg = Release|Any CPU
		{63DD102A-21AE-4328-9D2A-22E59CB788AD}.Release|Any CPU.Build.0 = Release|Any CPU
		{E8A32420-CB0F-446F-BBCA-88941A2E100F}.Debug|Any CPU.ActiveCfg = Debug|Any CPU
		{E8A32420-CB0F-446F-BBCA-88941A2E100F}.Debug|Any CPU.Build.0 = Debug|Any CPU
		{E8A32420-CB0F-446F-BBCA-88941A2E100F}.Release|Any CPU.ActiveCfg = Release|Any CPU
		{E8A32420-CB0F-446F-BBCA-88941A2E100F}.Release|Any CPU.Build.0 = Release|Any CPU
		{9E3D12A3-57FA-4297-8677-1BA13092D7E0}.Debug|Any CPU.ActiveCfg = Debug|Any CPU
		{9E3D12A3-57FA-4297-8677-1BA13092D7E0}.Debug|Any CPU.Build.0 = Debug|Any CPU
		{9E3D12A3-57FA-4297-8677-1BA13092D7E0}.Release|Any CPU.ActiveCfg = Release|Any CPU
		{9E3D12A3-57FA-4297-8677-1BA13092D7E0}.Release|Any CPU.Build.0 = Release|Any CPU
		{2FAF48D9-780F-4B33-A2F1-CA52F4099FA2}.Debug|Any CPU.ActiveCfg = Debug|Any CPU
		{2FAF48D9-780F-4B33-A2F1-CA52F4099FA2}.Debug|Any CPU.Build.0 = Debug|Any CPU
		{2FAF48D9-780F-4B33-A2F1-CA52F4099FA2}.Release|Any CPU.ActiveCfg = Release|Any CPU
		{2FAF48D9-780F-4B33-A2F1-CA52F4099FA2}.Release|Any CPU.Build.0 = Release|Any CPU
	EndGlobalSection
	GlobalSection(NestedProjects) = preSolution
		{63DD102A-21AE-4328-9D2A-22E59CB788AD} = {3C002084-1DA7-4D31-9423-D7CF149F0348}
		{E8A32420-CB0F-446F-BBCA-88941A2E100F} = {38F01EE6-BB5B-4CAE-A906-4C5712D85B9C}
		{9E3D12A3-57FA-4297-8677-1BA13092D7E0} = {38F01EE6-BB5B-4CAE-A906-4C5712D85B9C}
		{2FAF48D9-780F-4B33-A2F1-CA52F4099FA2} = {0CA3CBB4-D51C-41B4-9D53-F55FBA771BF5}
	EndGlobalSection
EndGlobal
